// !$*UTF8*$!
{
	archiveVersion = 1;
	classes = {
	};
	objectVersion = 48;
	objects = {

/* Begin PBXBuildFile section */
		AD8946E354D77B55798BE5A7 /* Pods_BlazeFullScreenViewer.framework in Frameworks */ = {isa = PBXBuildFile; fileRef = ADD54A5696B5AB72A0A40F2C /* Pods_BlazeFullScreenViewer.framework */; };
		EDF005F01FA729C300D73F55 /* AppDelegate.m in Sources */ = {isa = PBXBuildFile; fileRef = EDF005EF1FA729C300D73F55 /* AppDelegate.m */; };
		EDF005F31FA729C300D73F55 /* ViewController.m in Sources */ = {isa = PBXBuildFile; fileRef = EDF005F21FA729C300D73F55 /* ViewController.m */; };
		EDF005F61FA729C300D73F55 /* Main.storyboard in Resources */ = {isa = PBXBuildFile; fileRef = EDF005F41FA729C300D73F55 /* Main.storyboard */; };
		EDF005F81FA729C300D73F55 /* Assets.xcassets in Resources */ = {isa = PBXBuildFile; fileRef = EDF005F71FA729C300D73F55 /* Assets.xcassets */; };
		EDF005FB1FA729C300D73F55 /* LaunchScreen.storyboard in Resources */ = {isa = PBXBuildFile; fileRef = EDF005F91FA729C300D73F55 /* LaunchScreen.storyboard */; };
		EDF005FE1FA729C300D73F55 /* main.m in Sources */ = {isa = PBXBuildFile; fileRef = EDF005FD1FA729C300D73F55 /* main.m */; };
/* End PBXBuildFile section */

/* Begin PBXFileReference section */
		922469824B2227CBADE7380F /* Pods-BlazeFullScreenViewer.release.xcconfig */ = {isa = PBXFileReference; includeInIndex = 1; lastKnownFileType = text.xcconfig; name = "Pods-BlazeFullScreenViewer.release.xcconfig"; path = "Pods/Target Support Files/Pods-BlazeFullScreenViewer/Pods-BlazeFullScreenViewer.release.xcconfig"; sourceTree = "<group>"; };
		ADD54A5696B5AB72A0A40F2C /* Pods_BlazeFullScreenViewer.framework */ = {isa = PBXFileReference; explicitFileType = wrapper.framework; includeInIndex = 0; path = Pods_BlazeFullScreenViewer.framework; sourceTree = BUILT_PRODUCTS_DIR; };
		E462797730A074FF1365B28D /* Pods-BlazeFullScreenViewer.debug.xcconfig */ = {isa = PBXFileReference; includeInIndex = 1; lastKnownFileType = text.xcconfig; name = "Pods-BlazeFullScreenViewer.debug.xcconfig"; path = "Pods/Target Support Files/Pods-BlazeFullScreenViewer/Pods-BlazeFullScreenViewer.debug.xcconfig"; sourceTree = "<group>"; };
		EDF005EB1FA729C300D73F55 /* BlazeFullScreenViewer.app */ = {isa = PBXFileReference; explicitFileType = wrapper.application; includeInIndex = 0; path = BlazeFullScreenViewer.app; sourceTree = BUILT_PRODUCTS_DIR; };
		EDF005EE1FA729C300D73F55 /* AppDelegate.h */ = {isa = PBXFileReference; lastKnownFileType = sourcecode.c.h; path = AppDelegate.h; sourceTree = "<group>"; };
		EDF005EF1FA729C300D73F55 /* AppDelegate.m */ = {isa = PBXFileReference; lastKnownFileType = sourcecode.c.objc; path = AppDelegate.m; sourceTree = "<group>"; };
		EDF005F11FA729C300D73F55 /* ViewController.h */ = {isa = PBXFileReference; lastKnownFileType = sourcecode.c.h; path = ViewController.h; sourceTree = "<group>"; };
		EDF005F21FA729C300D73F55 /* ViewController.m */ = {isa = PBXFileReference; lastKnownFileType = sourcecode.c.objc; path = ViewController.m; sourceTree = "<group>"; };
		EDF005F51FA729C300D73F55 /* Base */ = {isa = PBXFileReference; lastKnownFileType = file.storyboard; name = Base; path = Base.lproj/Main.storyboard; sourceTree = "<group>"; };
		EDF005F71FA729C300D73F55 /* Assets.xcassets */ = {isa = PBXFileReference; lastKnownFileType = folder.assetcatalog; path = Assets.xcassets; sourceTree = "<group>"; };
		EDF005FA1FA729C300D73F55 /* Base */ = {isa = PBXFileReference; lastKnownFileType = file.storyboard; name = Base; path = Base.lproj/LaunchScreen.storyboard; sourceTree = "<group>"; };
		EDF005FC1FA729C300D73F55 /* Info.plist */ = {isa = PBXFileReference; lastKnownFileType = text.plist.xml; path = Info.plist; sourceTree = "<group>"; };
		EDF005FD1FA729C300D73F55 /* main.m */ = {isa = PBXFileReference; lastKnownFileType = sourcecode.c.objc; path = main.m; sourceTree = "<group>"; };
/* End PBXFileReference section */

/* Begin PBXFrameworksBuildPhase section */
		EDF005E81FA729C300D73F55 /* Frameworks */ = {
			isa = PBXFrameworksBuildPhase;
			buildActionMask = 2147483647;
			files = (
				AD8946E354D77B55798BE5A7 /* Pods_BlazeFullScreenViewer.framework in Frameworks */,
			);
			runOnlyForDeploymentPostprocessing = 0;
		};
/* End PBXFrameworksBuildPhase section */

/* Begin PBXGroup section */
		118D081701E20323813FC3D4 /* Pods */ = {
			isa = PBXGroup;
			children = (
				E462797730A074FF1365B28D /* Pods-BlazeFullScreenViewer.debug.xcconfig */,
				922469824B2227CBADE7380F /* Pods-BlazeFullScreenViewer.release.xcconfig */,
			);
			name = Pods;
			sourceTree = "<group>";
		};
		AD7C5EB593958CB4E897F81D /* Frameworks */ = {
			isa = PBXGroup;
			children = (
				ADD54A5696B5AB72A0A40F2C /* Pods_BlazeFullScreenViewer.framework */,
			);
			name = Frameworks;
			sourceTree = "<group>";
		};
		EDF005E21FA729C300D73F55 = {
			isa = PBXGroup;
			children = (
				EDF005ED1FA729C300D73F55 /* BlazeFullScreenViewer */,
				EDF005EC1FA729C300D73F55 /* Products */,
				118D081701E20323813FC3D4 /* Pods */,
				AD7C5EB593958CB4E897F81D /* Frameworks */,
			);
			sourceTree = "<group>";
		};
		EDF005EC1FA729C300D73F55 /* Products */ = {
			isa = PBXGroup;
			children = (
				EDF005EB1FA729C300D73F55 /* BlazeFullScreenViewer.app */,
			);
			name = Products;
			sourceTree = "<group>";
		};
		EDF005ED1FA729C300D73F55 /* BlazeFullScreenViewer */ = {
			isa = PBXGroup;
			children = (
				EDF005EE1FA729C300D73F55 /* AppDelegate.h */,
				EDF005EF1FA729C300D73F55 /* AppDelegate.m */,
				EDF005F11FA729C300D73F55 /* ViewController.h */,
				EDF005F21FA729C300D73F55 /* ViewController.m */,
				EDF005F41FA729C300D73F55 /* Main.storyboard */,
				EDF005F71FA729C300D73F55 /* Assets.xcassets */,
				EDF005F91FA729C300D73F55 /* LaunchScreen.storyboard */,
				EDF005FC1FA729C300D73F55 /* Info.plist */,
				EDF005FD1FA729C300D73F55 /* main.m */,
			);
			path = BlazeFullScreenViewer;
			sourceTree = "<group>";
		};
/* End PBXGroup section */

/* Begin PBXNativeTarget section */
		EDF005EA1FA729C300D73F55 /* BlazeFullScreenViewer */ = {
			isa = PBXNativeTarget;
			buildConfigurationList = EDF006011FA729C300D73F55 /* Build configuration list for PBXNativeTarget "BlazeFullScreenViewer" */;
			buildPhases = (
				A225F114436CAD78CB5EA4B8 /* [CP] Check Pods Manifest.lock */,
				EDF005E71FA729C300D73F55 /* Sources */,
				EDF005E81FA729C300D73F55 /* Frameworks */,
				EDF005E91FA729C300D73F55 /* Resources */,
				FDA1443F3121391117B903EC /* [CP] Embed Pods Frameworks */,
				087AE54448B2C7140F446FF3 /* [CP] Copy Pods Resources */,
			);
			buildRules = (
			);
			dependencies = (
			);
			name = BlazeFullScreenViewer;
			productName = BlazeFullScreenViewer;
			productReference = EDF005EB1FA729C300D73F55 /* BlazeFullScreenViewer.app */;
			productType = "com.apple.product-type.application";
		};
/* End PBXNativeTarget section */

/* Begin PBXProject section */
		EDF005E31FA729C300D73F55 /* Project object */ = {
			isa = PBXProject;
			attributes = {
				LastUpgradeCheck = 0900;
				ORGANIZATIONNAME = GraafICT;
				TargetAttributes = {
					EDF005EA1FA729C300D73F55 = {
						CreatedOnToolsVersion = 9.0;
						ProvisioningStyle = Automatic;
					};
				};
			};
			buildConfigurationList = EDF005E61FA729C300D73F55 /* Build configuration list for PBXProject "BlazeFullScreenViewer" */;
			compatibilityVersion = "Xcode 8.0";
			developmentRegion = en;
			hasScannedForEncodings = 0;
			knownRegions = (
				en,
				Base,
			);
			mainGroup = EDF005E21FA729C300D73F55;
			productRefGroup = EDF005EC1FA729C300D73F55 /* Products */;
			projectDirPath = "";
			projectRoot = "";
			targets = (
				EDF005EA1FA729C300D73F55 /* BlazeFullScreenViewer */,
			);
		};
/* End PBXProject section */

/* Begin PBXResourcesBuildPhase section */
		EDF005E91FA729C300D73F55 /* Resources */ = {
			isa = PBXResourcesBuildPhase;
			buildActionMask = 2147483647;
			files = (
				EDF005FB1FA729C300D73F55 /* LaunchScreen.storyboard in Resources */,
				EDF005F81FA729C300D73F55 /* Assets.xcassets in Resources */,
				EDF005F61FA729C300D73F55 /* Main.storyboard in Resources */,
			);
			runOnlyForDeploymentPostprocessing = 0;
		};
/* End PBXResourcesBuildPhase section */

/* Begin PBXShellScriptBuildPhase section */
		087AE54448B2C7140F446FF3 /* [CP] Copy Pods Resources */ = {
			isa = PBXShellScriptBuildPhase;
			buildActionMask = 2147483647;
			files = (
			);
			inputPaths = (
				"${SRCROOT}/Pods/Target Support Files/Pods-BlazeFullScreenViewer/Pods-BlazeFullScreenViewer-resources.sh",
				"$PODS_CONFIGURATION_BUILD_DIR/BlazeFullScreenViewer/BlazeFullScreenViewer.bundle",
			);
			name = "[CP] Copy Pods Resources";
			outputPaths = (
				"${TARGET_BUILD_DIR}/${UNLOCALIZED_RESOURCES_FOLDER_PATH}",
			);
			runOnlyForDeploymentPostprocessing = 0;
			shellPath = /bin/sh;
			shellScript = "\"${SRCROOT}/Pods/Target Support Files/Pods-BlazeFullScreenViewer/Pods-BlazeFullScreenViewer-resources.sh\"\n";
			showEnvVarsInLog = 0;
		};
		A225F114436CAD78CB5EA4B8 /* [CP] Check Pods Manifest.lock */ = {
			isa = PBXShellScriptBuildPhase;
			buildActionMask = 2147483647;
			files = (
			);
			inputPaths = (
				"${PODS_PODFILE_DIR_PATH}/Podfile.lock",
				"${PODS_ROOT}/Manifest.lock",
			);
			name = "[CP] Check Pods Manifest.lock";
			outputPaths = (
				"$(DERIVED_FILE_DIR)/Pods-BlazeFullScreenViewer-checkManifestLockResult.txt",
			);
			runOnlyForDeploymentPostprocessing = 0;
			shellPath = /bin/sh;
			shellScript = "diff \"${PODS_PODFILE_DIR_PATH}/Podfile.lock\" \"${PODS_ROOT}/Manifest.lock\" > /dev/null\nif [ $? != 0 ] ; then\n    # print error to STDERR\n    echo \"error: The sandbox is not in sync with the Podfile.lock. Run 'pod install' or update your CocoaPods installation.\" >&2\n    exit 1\nfi\n# This output is used by Xcode 'outputs' to avoid re-running this script phase.\necho \"SUCCESS\" > \"${SCRIPT_OUTPUT_FILE_0}\"\n";
			showEnvVarsInLog = 0;
		};
		FDA1443F3121391117B903EC /* [CP] Embed Pods Frameworks */ = {
			isa = PBXShellScriptBuildPhase;
			buildActionMask = 2147483647;
			files = (
			);
			inputPaths = (
				"${SRCROOT}/Pods/Target Support Files/Pods-BlazeFullScreenViewer/Pods-BlazeFullScreenViewer-frameworks.sh",
				"${BUILT_PRODUCTS_DIR}/AFNetworking/AFNetworking.framework",
				"${BUILT_PRODUCTS_DIR}/BDGCategories/BDGCategories.framework",
				"${BUILT_PRODUCTS_DIR}/BDGImagePicker/BDGImagePicker.framework",
				"${BUILT_PRODUCTS_DIR}/Blaze/Blaze.framework",
				"${BUILT_PRODUCTS_DIR}/BlazeFullScreenViewer/BlazeFullScreenViewer.framework",
			);
			name = "[CP] Embed Pods Frameworks";
			outputPaths = (
				"${TARGET_BUILD_DIR}/${FRAMEWORKS_FOLDER_PATH}/AFNetworking.framework",
				"${TARGET_BUILD_DIR}/${FRAMEWORKS_FOLDER_PATH}/BDGCategories.framework",
				"${TARGET_BUILD_DIR}/${FRAMEWORKS_FOLDER_PATH}/BDGImagePicker.framework",
				"${TARGET_BUILD_DIR}/${FRAMEWORKS_FOLDER_PATH}/Blaze.framework",
				"${TARGET_BUILD_DIR}/${FRAMEWORKS_FOLDER_PATH}/BlazeFullScreenViewer.framework",
			);
			runOnlyForDeploymentPostprocessing = 0;
			shellPath = /bin/sh;
			shellScript = "\"${SRCROOT}/Pods/Target Support Files/Pods-BlazeFullScreenViewer/Pods-BlazeFullScreenViewer-frameworks.sh\"\n";
			showEnvVarsInLog = 0;
		};
/* End PBXShellScriptBuildPhase section */

/* Begin PBXSourcesBuildPhase section */
		EDF005E71FA729C300D73F55 /* Sources */ = {
			isa = PBXSourcesBuildPhase;
			buildActionMask = 2147483647;
			files = (
				EDF005F31FA729C300D73F55 /* ViewController.m in Sources */,
				EDF005FE1FA729C300D73F55 /* main.m in Sources */,
				EDF005F01FA729C300D73F55 /* AppDelegate.m in Sources */,
			);
			runOnlyForDeploymentPostprocessing = 0;
		};
/* End PBXSourcesBuildPhase section */

/* Begin PBXVariantGroup section */
		EDF005F41FA729C300D73F55 /* Main.storyboard */ = {
			isa = PBXVariantGroup;
			children = (
				EDF005F51FA729C300D73F55 /* Base */,
			);
			name = Main.storyboard;
			sourceTree = "<group>";
		};
		EDF005F91FA729C300D73F55 /* LaunchScreen.storyboard */ = {
			isa = PBXVariantGroup;
			children = (
				EDF005FA1FA729C300D73F55 /* Base */,
			);
			name = LaunchScreen.storyboard;
			sourceTree = "<group>";
		};
/* End PBXVariantGroup section */

/* Begin XCBuildConfiguration section */
		EDF005FF1FA729C300D73F55 /* Debug */ = {
			isa = XCBuildConfiguration;
			buildSettings = {
				ALWAYS_SEARCH_USER_PATHS = NO;
				CLANG_ANALYZER_NONNULL = YES;
				CLANG_ANALYZER_NUMBER_OBJECT_CONVERSION = YES_AGGRESSIVE;
				CLANG_CXX_LANGUAGE_STANDARD = "gnu++14";
				CLANG_CXX_LIBRARY = "libc++";
				CLANG_ENABLE_MODULES = YES;
				CLANG_ENABLE_OBJC_ARC = YES;
				CLANG_WARN_BLOCK_CAPTURE_AUTORELEASING = YES;
				CLANG_WARN_BOOL_CONVERSION = YES;
				CLANG_WARN_COMMA = YES;
				CLANG_WARN_CONSTANT_CONVERSION = YES;
				CLANG_WARN_DIRECT_OBJC_ISA_USAGE = YES_ERROR;
				CLANG_WARN_DOCUMENTATION_COMMENTS = YES;
				CLANG_WARN_EMPTY_BODY = YES;
				CLANG_WARN_ENUM_CONVERSION = YES;
				CLANG_WARN_INFINITE_RECURSION = YES;
				CLANG_WARN_INT_CONVERSION = YES;
				CLANG_WARN_NON_LITERAL_NULL_CONVERSION = YES;
				CLANG_WARN_OBJC_LITERAL_CONVERSION = YES;
				CLANG_WARN_OBJC_ROOT_CLASS = YES_ERROR;
				CLANG_WARN_RANGE_LOOP_ANALYSIS = YES;
				CLANG_WARN_STRICT_PROTOTYPES = YES;
				CLANG_WARN_SUSPICIOUS_MOVE = YES;
				CLANG_WARN_UNGUARDED_AVAILABILITY = YES_AGGRESSIVE;
				CLANG_WARN_UNREACHABLE_CODE = YES;
				CLANG_WARN__DUPLICATE_METHOD_MATCH = YES;
				CODE_SIGN_IDENTITY = "iPhone Developer";
				COPY_PHASE_STRIP = NO;
				DEBUG_INFORMATION_FORMAT = dwarf;
				ENABLE_STRICT_OBJC_MSGSEND = YES;
				ENABLE_TESTABILITY = YES;
				GCC_C_LANGUAGE_STANDARD = gnu11;
				GCC_DYNAMIC_NO_PIC = NO;
				GCC_NO_COMMON_BLOCKS = YES;
				GCC_OPTIMIZATION_LEVEL = 0;
				GCC_PREPROCESSOR_DEFINITIONS = (
					"DEBUG=1",
					"$(inherited)",
				);
				GCC_WARN_64_TO_32_BIT_CONVERSION = YES;
				GCC_WARN_ABOUT_RETURN_TYPE = YES_ERROR;
				GCC_WARN_UNDECLARED_SELECTOR = YES;
				GCC_WARN_UNINITIALIZED_AUTOS = YES_AGGRESSIVE;
				GCC_WARN_UNUSED_FUNCTION = YES;
				GCC_WARN_UNUSED_VARIABLE = YES;
				IPHONEOS_DEPLOYMENT_TARGET = 11.0;
				MTL_ENABLE_DEBUG_INFO = YES;
				ONLY_ACTIVE_ARCH = YES;
				SDKROOT = iphoneos;
			};
			name = Debug;
		};
		EDF006001FA729C300D73F55 /* Release */ = {
			isa = XCBuildConfiguration;
			buildSettings = {
				ALWAYS_SEARCH_USER_PATHS = NO;
				CLANG_ANALYZER_NONNULL = YES;
				CLANG_ANALYZER_NUMBER_OBJECT_CONVERSION = YES_AGGRESSIVE;
				CLANG_CXX_LANGUAGE_STANDARD = "gnu++14";
				CLANG_CXX_LIBRARY = "libc++";
				CLANG_ENABLE_MODULES = YES;
				CLANG_ENABLE_OBJC_ARC = YES;
				CLANG_WARN_BLOCK_CAPTURE_AUTORELEASING = YES;
				CLANG_WARN_BOOL_CONVERSION = YES;
				CLANG_WARN_COMMA = YES;
				CLANG_WARN_CONSTANT_CONVERSION = YES;
				CLANG_WARN_DIRECT_OBJC_ISA_USAGE = YES_ERROR;
				CLANG_WARN_DOCUMENTATION_COMMENTS = YES;
				CLANG_WARN_EMPTY_BODY = YES;
				CLANG_WARN_ENUM_CONVERSION = YES;
				CLANG_WARN_INFINITE_RECURSION = YES;
				CLANG_WARN_INT_CONVERSION = YES;
				CLANG_WARN_NON_LITERAL_NULL_CONVERSION = YES;
				CLANG_WARN_OBJC_LITERAL_CONVERSION = YES;
				CLANG_WARN_OBJC_ROOT_CLASS = YES_ERROR;
				CLANG_WARN_RANGE_LOOP_ANALYSIS = YES;
				CLANG_WARN_STRICT_PROTOTYPES = YES;
				CLANG_WARN_SUSPICIOUS_MOVE = YES;
				CLANG_WARN_UNGUARDED_AVAILABILITY = YES_AGGRESSIVE;
				CLANG_WARN_UNREACHABLE_CODE = YES;
				CLANG_WARN__DUPLICATE_METHOD_MATCH = YES;
				CODE_SIGN_IDENTITY = "iPhone Developer";
				COPY_PHASE_STRIP = NO;
				DEBUG_INFORMATION_FORMAT = "dwarf-with-dsym";
				ENABLE_NS_ASSERTIONS = NO;
				ENABLE_STRICT_OBJC_MSGSEND = YES;
				GCC_C_LANGUAGE_STANDARD = gnu11;
				GCC_NO_COMMON_BLOCKS = YES;
				GCC_WARN_64_TO_32_BIT_CONVERSION = YES;
				GCC_WARN_ABOUT_RETURN_TYPE = YES_ERROR;
				GCC_WARN_UNDECLARED_SELECTOR = YES;
				GCC_WARN_UNINITIALIZED_AUTOS = YES_AGGRESSIVE;
				GCC_WARN_UNUSED_FUNCTION = YES;
				GCC_WARN_UNUSED_VARIABLE = YES;
				IPHONEOS_DEPLOYMENT_TARGET = 11.0;
				MTL_ENABLE_DEBUG_INFO = NO;
				SDKROOT = iphoneos;
				VALIDATE_PRODUCT = YES;
			};
			name = Release;
		};
		EDF006021FA729C300D73F55 /* Debug */ = {
			isa = XCBuildConfiguration;
			baseConfigurationReference = E462797730A074FF1365B28D /* Pods-BlazeFullScreenViewer.debug.xcconfig */;
			buildSettings = {
				ASSETCATALOG_COMPILER_APPICON_NAME = AppIcon;
				CODE_SIGN_STYLE = Automatic;
				DEVELOPMENT_TEAM = 82H7A47494;
				INFOPLIST_FILE = BlazeFullScreenViewer/Info.plist;
				LD_RUNPATH_SEARCH_PATHS = "$(inherited) @executable_path/Frameworks";
				PRODUCT_BUNDLE_IDENTIFIER = graafict.nl.BlazeFullScreenViewer;
				PRODUCT_NAME = "$(TARGET_NAME)";
				TARGETED_DEVICE_FAMILY = "1,2";
			};
			name = Debug;
		};
		EDF006031FA729C300D73F55 /* Release */ = {
			isa = XCBuildConfiguration;
			baseConfigurationReference = 922469824B2227CBADE7380F /* Pods-BlazeFullScreenViewer.release.xcconfig */;
			buildSettings = {
				ASSETCATALOG_COMPILER_APPICON_NAME = AppIcon;
				CODE_SIGN_STYLE = Automatic;
				DEVELOPMENT_TEAM = 82H7A47494;
				INFOPLIST_FILE = BlazeFullScreenViewer/Info.plist;
				LD_RUNPATH_SEARCH_PATHS = "$(inherited) @executable_path/Frameworks";
				PRODUCT_BUNDLE_IDENTIFIER = graafict.nl.BlazeFullScreenViewer;
				PRODUCT_NAME = "$(TARGET_NAME)";
				TARGETED_DEVICE_FAMILY = "1,2";
			};
			name = Release;
		};
/* End XCBuildConfiguration section */

/* Begin XCConfigurationList section */
		EDF005E61FA729C300D73F55 /* Build configuration list for PBXProject "BlazeFullScreenViewer" */ = {
			isa = XCConfigurationList;
			buildConfigurations = (
				EDF005FF1FA729C300D73F55 /* Debug */,
				EDF006001FA729C300D73F55 /* Release */,
			);
			defaultConfigurationIsVisible = 0;
			defaultConfigurationName = Release;
		};
		EDF006011FA729C300D73F55 /* Build configuration list for PBXNativeTarget "BlazeFullScreenViewer" */ = {
			isa = XCConfigurationList;
			buildConfigurations = (
				EDF006021FA729C300D73F55 /* Debug */,
				EDF006031FA729C300D73F55 /* Release */,
			);
			defaultConfigurationIsVisible = 0;
			defaultConfigurationName = Release;
		};
/* End XCConfigurationList section */
	};
	rootObject = EDF005E31FA729C300D73F55 /* Project object */;
}
